<?xml version="1.0" encoding="utf-8"?>
<Project ToolsVersion="4.0" xmlns="http://schemas.microsoft.com/developer/msbuild/2003">
  <ItemGroup>
    <Filter Include="Source Files">
      <UniqueIdentifier>{4FC737F1-C7A5-4376-A066-2A32D752A2FF}</UniqueIdentifier>
      <Extensions>cpp;c;cc;cxx;def;odl;idl;hpj;bat;asm;asmx</Extensions>
    </Filter>
    <Filter Include="Header Files">
      <UniqueIdentifier>{93995380-89BD-4b04-88EB-625FBE52EBFB}</UniqueIdentifier>
      <Extensions>h;hh;hpp;hxx;hm;inl;inc;xsd</Extensions>
    </Filter>
    <Filter Include="Resource Files">
      <UniqueIdentifier>{67DA6AB6-F800-4c08-8B7A-83BB121AAD01}</UniqueIdentifier>
      <Extensions>rc;ico;cur;bmp;dlg;rc2;rct;bin;rgs;gif;jpg;jpeg;jpe;resx;tiff;tif;png;wav;mfcribbon-ms</Extensions>
    </Filter>
    <Filter Include="Source Files\Components">
      <UniqueIdentifier>{06ece500-6f58-4a4e-87eb-11d0ea45298a}</UniqueIdentifier>
    </Filter>
    <Filter Include="Header Files\Components">
      <UniqueIdentifier>{eaafe940-f627-403a-b9ea-25fa21790faa}</UniqueIdentifier>
    </Filter>
    <Filter Include="Source Files\Components\Data">
      <UniqueIdentifier>{2373bd39-9602-4fbc-b8b3-7b0fc2fddea0}</UniqueIdentifier>
    </Filter>
    <Filter Include="Header Files\Components\Data">
      <UniqueIdentifier>{b3b2f1f6-42b3-40af-a59a-eca0e205c0e3}</UniqueIdentifier>
    </Filter>
    <Filter Include="Source Files\Components\Render">
      <UniqueIdentifier>{65c011d1-ac8a-4c3e-b01c-02355767b241}</UniqueIdentifier>
    </Filter>
    <Filter Include="Header Files\Components\Render">
      <UniqueIdentifier>{f64e2620-066a-42ab-8bc3-eb366948cd02}</UniqueIdentifier>
    </Filter>
    <Filter Include="Source Files\Components\Update">
      <UniqueIdentifier>{c15419c1-5ce1-4e04-a9bb-b4cb88106b71}</UniqueIdentifier>
    </Filter>
    <Filter Include="Header Files\Components\Update">
      <UniqueIdentifier>{93c8d70c-20bf-4f10-8737-c5cc517530ae}</UniqueIdentifier>
    </Filter>
  </ItemGroup>
  <ItemGroup>
    <ClInclude Include="Singleton.h">
      <Filter>Header Files</Filter>
    </ClInclude>
    <ClInclude Include="ResourceManager.h">
      <Filter>Header Files</Filter>
    </ClInclude>
    <ClInclude Include="Renderer.h">
      <Filter>Header Files</Filter>
    </ClInclude>
    <ClInclude Include="Texture2D.h">
      <Filter>Header Files</Filter>
    </ClInclude>
    <ClInclude Include="InputManager.h">
      <Filter>Header Files</Filter>
    </ClInclude>
    <ClInclude Include="GameObject.h">
      <Filter>Header Files</Filter>
    </ClInclude>
    <ClInclude Include="Transform.h">
      <Filter>Header Files</Filter>
    </ClInclude>
    <ClInclude Include="Scene.h">
      <Filter>Header Files</Filter>
    </ClInclude>
    <ClInclude Include="SceneManager.h">
      <Filter>Header Files</Filter>
    </ClInclude>
    <ClInclude Include="Font.h">
      <Filter>Header Files</Filter>
    </ClInclude>
    <ClInclude Include="Minigin.h">
      <Filter>Header Files</Filter>
    </ClInclude>
    <ClInclude Include="BaseComponent.h">
      <Filter>Header Files\Components</Filter>
    </ClInclude>
    <ClInclude Include="TextComponent.h">
      <Filter>Header Files\Components\Data</Filter>
    </ClInclude>
    <ClInclude Include="ImageComponent.h">
      <Filter>Header Files\Components\Data</Filter>
    </ClInclude>
    <ClInclude Include="TransformComponent.h">
      <Filter>Header Files\Components\Data</Filter>
    </ClInclude>
    <ClInclude Include="TextRenderComponent.h">
      <Filter>Header Files\Components\Render</Filter>
    </ClInclude>
    <ClInclude Include="ImageRenderComponent.h">
      <Filter>Header Files\Components\Render</Filter>
    </ClInclude>
    <ClInclude Include="FPSComponent.h">
      <Filter>Header Files\Components\Update</Filter>
    </ClInclude>
    <ClInclude Include="Time.h">
      <Filter>Header Files</Filter>
    </ClInclude>
  </ItemGroup>
  <ItemGroup>
    <ClCompile Include="ResourceManager.cpp">
      <Filter>Source Files</Filter>
    </ClCompile>
    <ClCompile Include="Renderer.cpp">
      <Filter>Source Files</Filter>
    </ClCompile>
    <ClCompile Include="Texture2D.cpp">
      <Filter>Source Files</Filter>
    </ClCompile>
    <ClCompile Include="InputManager.cpp">
      <Filter>Source Files</Filter>
    </ClCompile>
    <ClCompile Include="GameObject.cpp">
      <Filter>Source Files</Filter>
    </ClCompile>
    <ClCompile Include="Transform.cpp">
      <Filter>Source Files</Filter>
    </ClCompile>
    <ClCompile Include="Scene.cpp">
      <Filter>Source Files</Filter>
    </ClCompile>
    <ClCompile Include="SceneManager.cpp">
      <Filter>Source Files</Filter>
    </ClCompile>
    <ClCompile Include="Font.cpp">
      <Filter>Source Files</Filter>
    </ClCompile>
    <ClCompile Include="Main.cpp">
      <Filter>Source Files</Filter>
    </ClCompile>
    <ClCompile Include="Minigin.cpp">
      <Filter>Source Files</Filter>
    </ClCompile>
    <ClCompile Include="BaseComponent.cpp">
      <Filter>Source Files\Components</Filter>
    </ClCompile>
    <ClCompile Include="TextComponent.cpp">
      <Filter>Source Files\Components\Data</Filter>
    </ClCompile>
    <ClCompile Include="ImageComponent.cpp">
      <Filter>Source Files\Components\Data</Filter>
    </ClCompile>
    <ClCompile Include="TransformComponent.cpp">
      <Filter>Source Files\Components\Data</Filter>
    </ClCompile>
    <ClCompile Include="TextRenderComponent.cpp">
      <Filter>Source Files\Components\Render</Filter>
    </ClCompile>
    <ClCompile Include="ImageRenderComponent.cpp">
      <Filter>Source Files\Components\Render</Filter>
    </ClCompile>
    <ClCompile Include="FPSComponent.cpp">
      <Filter>Source Files\Components\Update</Filter>
    </ClCompile>
    <ClCompile Include="Time.cpp">
      <Filter>Source Files</Filter>
    </ClCompile>
  </ItemGroup>
</Project>